
Microsoft Visual Studio Solution File, Format Version 12.00
# Visual Studio Version 16
VisualStudioVersion = 16.0.31424.327
MinimumVisualStudioVersion = 10.0.40219.1
Project("{2150E333-8FDC-42A3-9474-1A3956D46DE8}") = "Services", "Services", "{8F668BF7-F67F-43FB-9BE0-6088EB252D43}"
EndProject
Project("{2150E333-8FDC-42A3-9474-1A3956D46DE8}") = "Catalog", "Catalog", "{171AAAAA-AC7F-49A8-9AB3-C6EAF5247A7C}"
EndProject
Project("{9A19103F-16F7-4668-BE54-9A1E7A4F7556}") = "FreeCourse.Services.Catalog", "Services\Catalog\FreeCourse.Services.Catalog\FreeCourse.Services.Catalog.csproj", "{C069366B-8F07-4CA5-ABAC-60DBD924144D}"
EndProject
Project("{2150E333-8FDC-42A3-9474-1A3956D46DE8}") = "Solution Items", "Solution Items", "{680A2122-2278-4DB2-AEA5-782505B96915}"
	ProjectSection(SolutionItems) = preProject
		Ports.txt = Ports.txt
	EndProjectSection
EndProject
Project("{2150E333-8FDC-42A3-9474-1A3956D46DE8}") = "Shared", "Shared", "{F41632FD-8DD4-4461-8799-06C226384EC7}"
EndProject
Project("{9A19103F-16F7-4668-BE54-9A1E7A4F7556}") = "FreeCourse.Shared", "Shared\FreeCourse.Shared\FreeCourse.Shared.csproj", "{471C3A0E-BFBE-4C9E-9A53-08464B9CB43F}"
EndProject
Project("{2150E333-8FDC-42A3-9474-1A3956D46DE8}") = "IdentityServer", "IdentityServer", "{3FB849EE-D903-4689-9C20-56A7925ACDE3}"
EndProject
Project("{9A19103F-16F7-4668-BE54-9A1E7A4F7556}") = "FreeCourse.IdentityServer", "IdentityServer\FreeCourse.IdentityServer\FreeCourse.IdentityServer.csproj", "{01D30A24-CCD3-43A8-A451-F5CB4F87CAD3}"
EndProject
Project("{2150E333-8FDC-42A3-9474-1A3956D46DE8}") = "PhotoStock", "PhotoStock", "{F55959D9-3F77-4B4A-A2F2-18D189B0658F}"
EndProject
Project("{9A19103F-16F7-4668-BE54-9A1E7A4F7556}") = "FreeCourse.Services.PhotoStock", "Services\PhotoStock\FreeCourse.Services.PhotoStock\FreeCourse.Services.PhotoStock.csproj", "{33C3FA19-6B61-4972-BC2B-D62C36FB4E62}"
EndProject
Project("{2150E333-8FDC-42A3-9474-1A3956D46DE8}") = "Basket", "Basket", "{570A1857-7C61-4CE5-9B83-50816C3BDCE4}"
EndProject
Project("{9A19103F-16F7-4668-BE54-9A1E7A4F7556}") = "FreeCourse.Services.Basket", "Services\Basket\FreeCourse.Services.Basket\FreeCourse.Services.Basket.csproj", "{03132486-4DA2-4F9B-A158-BDA0DFB2AFFD}"
EndProject
Project("{2150E333-8FDC-42A3-9474-1A3956D46DE8}") = "Discount", "Discount", "{328101AB-DC86-4712-B8CC-AFA8761A89B1}"
EndProject
Project("{9A19103F-16F7-4668-BE54-9A1E7A4F7556}") = "FreeCource.Services.Discount", "Services\Discount\FreeCource.Services.Discount\FreeCource.Services.Discount.csproj", "{A4C4594B-AD8C-4103-93F8-D2516AC32ACD}"
EndProject
Project("{2150E333-8FDC-42A3-9474-1A3956D46DE8}") = "Order", "Order", "{A5C14E3B-5419-4322-8095-B550037CCC1A}"
EndProject
Project("{9A19103F-16F7-4668-BE54-9A1E7A4F7556}") = "FreeCourse.Services.Order.API", "Services\Order\FreeCourse.Services.Order.API\FreeCourse.Services.Order.API.csproj", "{1C03A04F-8981-4671-94C6-26D9F18133C8}"
EndProject
Project("{9A19103F-16F7-4668-BE54-9A1E7A4F7556}") = "FreeCourse.Services.Order.Application", "Services\Order\FreeCourse.Services.Order.Application\FreeCourse.Services.Order.Application.csproj", "{23323511-8B63-4788-AF05-0AE5CD731369}"
EndProject
Project("{9A19103F-16F7-4668-BE54-9A1E7A4F7556}") = "FreeCourse.Services.Order.Domain", "Services\Order\FreeCourse.Services.Order.Domain\FreeCourse.Services.Order.Domain.csproj", "{A7347E31-1C0F-49C1-9BB8-9DA01E7335EB}"
EndProject
Project("{9A19103F-16F7-4668-BE54-9A1E7A4F7556}") = "FreeCourse.Services.Order.Domain.Core", "Services\Order\FreeCourse.Services.Order.Domain.Core\FreeCourse.Services.Order.Domain.Core.csproj", "{7EDE907E-EC61-4B73-B978-65043A44C9EA}"
EndProject
Project("{9A19103F-16F7-4668-BE54-9A1E7A4F7556}") = "FreeCourse.Services.Order.Infrastructure", "Services\Order\FreeCourse.Services.Order.Infrastructure\FreeCourse.Services.Order.Infrastructure.csproj", "{6178A402-65E7-4D83-A100-5D40535536E3}"
EndProject
Project("{2150E333-8FDC-42A3-9474-1A3956D46DE8}") = "FakePayment", "FakePayment", "{1DFA97A5-92C4-4248-A760-7DFDFF2D567F}"
EndProject
Project("{FAE04EC0-301F-11D3-BF4B-00C04F79EFBC}") = "FreeCourse.Services.FakePayment", "Services\FakePayment\FreeCourse.Services.FakePayment\FreeCourse.Services.FakePayment.csproj", "{3C46B4DD-9F4D-4926-BD99-8FE823F30A3B}"
EndProject
Project("{2150E333-8FDC-42A3-9474-1A3956D46DE8}") = "Gateways", "Gateways", "{8D052E10-5848-4401-90F2-273D063963FE}"
EndProject
Project("{FAE04EC0-301F-11D3-BF4B-00C04F79EFBC}") = "FreeCourse.Gateway", "FreeCourse.Gateway\FreeCourse.Gateway.csproj", "{F1DCAE01-06AD-47BB-BA1C-A70B0FB60BDA}"
EndProject
Global
	GlobalSection(SolutionConfigurationPlatforms) = preSolution
		Debug|Any CPU = Debug|Any CPU
		Release|Any CPU = Release|Any CPU
	EndGlobalSection
	GlobalSection(ProjectConfigurationPlatforms) = postSolution
		{C069366B-8F07-4CA5-ABAC-60DBD924144D}.Debug|Any CPU.ActiveCfg = Debug|Any CPU
		{C069366B-8F07-4CA5-ABAC-60DBD924144D}.Debug|Any CPU.Build.0 = Debug|Any CPU
		{C069366B-8F07-4CA5-ABAC-60DBD924144D}.Release|Any CPU.ActiveCfg = Release|Any CPU
		{C069366B-8F07-4CA5-ABAC-60DBD924144D}.Release|Any CPU.Build.0 = Release|Any CPU
		{471C3A0E-BFBE-4C9E-9A53-08464B9CB43F}.Debug|Any CPU.ActiveCfg = Debug|Any CPU
		{471C3A0E-BFBE-4C9E-9A53-08464B9CB43F}.Debug|Any CPU.Build.0 = Debug|Any CPU
		{471C3A0E-BFBE-4C9E-9A53-08464B9CB43F}.Release|Any CPU.ActiveCfg = Release|Any CPU
		{471C3A0E-BFBE-4C9E-9A53-08464B9CB43F}.Release|Any CPU.Build.0 = Release|Any CPU
		{01D30A24-CCD3-43A8-A451-F5CB4F87CAD3}.Debug|Any CPU.ActiveCfg = Debug|Any CPU
		{01D30A24-CCD3-43A8-A451-F5CB4F87CAD3}.Debug|Any CPU.Build.0 = Debug|Any CPU
		{01D30A24-CCD3-43A8-A451-F5CB4F87CAD3}.Release|Any CPU.ActiveCfg = Release|Any CPU
		{01D30A24-CCD3-43A8-A451-F5CB4F87CAD3}.Release|Any CPU.Build.0 = Release|Any CPU
		{33C3FA19-6B61-4972-BC2B-D62C36FB4E62}.Debug|Any CPU.ActiveCfg = Debug|Any CPU
		{33C3FA19-6B61-4972-BC2B-D62C36FB4E62}.Debug|Any CPU.Build.0 = Debug|Any CPU
		{33C3FA19-6B61-4972-BC2B-D62C36FB4E62}.Release|Any CPU.ActiveCfg = Release|Any CPU
		{33C3FA19-6B61-4972-BC2B-D62C36FB4E62}.Release|Any CPU.Build.0 = Release|Any CPU
		{03132486-4DA2-4F9B-A158-BDA0DFB2AFFD}.Debug|Any CPU.ActiveCfg = Debug|Any CPU
		{03132486-4DA2-4F9B-A158-BDA0DFB2AFFD}.Debug|Any CPU.Build.0 = Debug|Any CPU
		{03132486-4DA2-4F9B-A158-BDA0DFB2AFFD}.Release|Any CPU.ActiveCfg = Release|Any CPU
		{03132486-4DA2-4F9B-A158-BDA0DFB2AFFD}.Release|Any CPU.Build.0 = Release|Any CPU
		{A4C4594B-AD8C-4103-93F8-D2516AC32ACD}.Debug|Any CPU.ActiveCfg = Debug|Any CPU
		{A4C4594B-AD8C-4103-93F8-D2516AC32ACD}.Debug|Any CPU.Build.0 = Debug|Any CPU
		{A4C4594B-AD8C-4103-93F8-D2516AC32ACD}.Release|Any CPU.ActiveCfg = Release|Any CPU
		{A4C4594B-AD8C-4103-93F8-D2516AC32ACD}.Release|Any CPU.Build.0 = Release|Any CPU
		{1C03A04F-8981-4671-94C6-26D9F18133C8}.Debug|Any CPU.ActiveCfg = Debug|Any CPU
		{1C03A04F-8981-4671-94C6-26D9F18133C8}.Debug|Any CPU.Build.0 = Debug|Any CPU
		{1C03A04F-8981-4671-94C6-26D9F18133C8}.Release|Any CPU.ActiveCfg = Release|Any CPU
		{1C03A04F-8981-4671-94C6-26D9F18133C8}.Release|Any CPU.Build.0 = Release|Any CPU
		{23323511-8B63-4788-AF05-0AE5CD731369}.Debug|Any CPU.ActiveCfg = Debug|Any CPU
		{23323511-8B63-4788-AF05-0AE5CD731369}.Debug|Any CPU.Build.0 = Debug|Any CPU
		{23323511-8B63-4788-AF05-0AE5CD731369}.Release|Any CPU.ActiveCfg = Release|Any CPU
		{23323511-8B63-4788-AF05-0AE5CD731369}.Release|Any CPU.Build.0 = Release|Any CPU
		{A7347E31-1C0F-49C1-9BB8-9DA01E7335EB}.Debug|Any CPU.ActiveCfg = Debug|Any CPU
		{A7347E31-1C0F-49C1-9BB8-9DA01E7335EB}.Debug|Any CPU.Build.0 = Debug|Any CPU
		{A7347E31-1C0F-49C1-9BB8-9DA01E7335EB}.Release|Any CPU.ActiveCfg = Release|Any CPU
		{A7347E31-1C0F-49C1-9BB8-9DA01E7335EB}.Release|Any CPU.Build.0 = Release|Any CPU
		{7EDE907E-EC61-4B73-B978-65043A44C9EA}.Debug|Any CPU.ActiveCfg = Debug|Any CPU
		{7EDE907E-EC61-4B73-B978-65043A44C9EA}.Debug|Any CPU.Build.0 = Debug|Any CPU
		{7EDE907E-EC61-4B73-B978-65043A44C9EA}.Release|Any CPU.ActiveCfg = Release|Any CPU
		{7EDE907E-EC61-4B73-B978-65043A44C9EA}.Release|Any CPU.Build.0 = Release|Any CPU
		{6178A402-65E7-4D83-A100-5D40535536E3}.Debug|Any CPU.ActiveCfg = Debug|Any CPU
		{6178A402-65E7-4D83-A100-5D40535536E3}.Debug|Any CPU.Build.0 = Debug|Any CPU
		{6178A402-65E7-4D83-A100-5D40535536E3}.Release|Any CPU.ActiveCfg = Release|Any CPU
		{6178A402-65E7-4D83-A100-5D40535536E3}.Release|Any CPU.Build.0 = Release|Any CPU
		{3C46B4DD-9F4D-4926-BD99-8FE823F30A3B}.Debug|Any CPU.ActiveCfg = Debug|Any CPU
		{3C46B4DD-9F4D-4926-BD99-8FE823F30A3B}.Debug|Any CPU.Build.0 = Debug|Any CPU
		{3C46B4DD-9F4D-4926-BD99-8FE823F30A3B}.Release|Any CPU.ActiveCfg = Release|Any CPU
		{3C46B4DD-9F4D-4926-BD99-8FE823F30A3B}.Release|Any CPU.Build.0 = Release|Any CPU
		{F1DCAE01-06AD-47BB-BA1C-A70B0FB60BDA}.Debug|Any CPU.ActiveCfg = Debug|Any CPU
		{F1DCAE01-06AD-47BB-BA1C-A70B0FB60BDA}.Debug|Any CPU.Build.0 = Debug|Any CPU
		{F1DCAE01-06AD-47BB-BA1C-A70B0FB60BDA}.Release|Any CPU.ActiveCfg = Release|Any CPU
		{F1DCAE01-06AD-47BB-BA1C-A70B0FB60BDA}.Release|Any CPU.Build.0 = Release|Any CPU
	EndGlobalSection
	GlobalSection(SolutionProperties) = preSolution
		HideSolutionNode = FALSE
	EndGlobalSection
	GlobalSection(NestedProjects) = preSolution
		{171AAAAA-AC7F-49A8-9AB3-C6EAF5247A7C} = {8F668BF7-F67F-43FB-9BE0-6088EB252D43}
		{C069366B-8F07-4CA5-ABAC-60DBD924144D} = {171AAAAA-AC7F-49A8-9AB3-C6EAF5247A7C}
		{471C3A0E-BFBE-4C9E-9A53-08464B9CB43F} = {F41632FD-8DD4-4461-8799-06C226384EC7}
		{01D30A24-CCD3-43A8-A451-F5CB4F87CAD3} = {3FB849EE-D903-4689-9C20-56A7925ACDE3}
		{F55959D9-3F77-4B4A-A2F2-18D189B0658F} = {8F668BF7-F67F-43FB-9BE0-6088EB252D43}
		{33C3FA19-6B61-4972-BC2B-D62C36FB4E62} = {F55959D9-3F77-4B4A-A2F2-18D189B0658F}
		{570A1857-7C61-4CE5-9B83-50816C3BDCE4} = {8F668BF7-F67F-43FB-9BE0-6088EB252D43}
		{03132486-4DA2-4F9B-A158-BDA0DFB2AFFD} = {570A1857-7C61-4CE5-9B83-50816C3BDCE4}
		{328101AB-DC86-4712-B8CC-AFA8761A89B1} = {8F668BF7-F67F-43FB-9BE0-6088EB252D43}
		{A4C4594B-AD8C-4103-93F8-D2516AC32ACD} = {328101AB-DC86-4712-B8CC-AFA8761A89B1}
		{A5C14E3B-5419-4322-8095-B550037CCC1A} = {8F668BF7-F67F-43FB-9BE0-6088EB252D43}
		{1C03A04F-8981-4671-94C6-26D9F18133C8} = {A5C14E3B-5419-4322-8095-B550037CCC1A}
		{23323511-8B63-4788-AF05-0AE5CD731369} = {A5C14E3B-5419-4322-8095-B550037CCC1A}
		{A7347E31-1C0F-49C1-9BB8-9DA01E7335EB} = {A5C14E3B-5419-4322-8095-B550037CCC1A}
		{7EDE907E-EC61-4B73-B978-65043A44C9EA} = {A5C14E3B-5419-4322-8095-B550037CCC1A}
		{6178A402-65E7-4D83-A100-5D40535536E3} = {A5C14E3B-5419-4322-8095-B550037CCC1A}
		{1DFA97A5-92C4-4248-A760-7DFDFF2D567F} = {8F668BF7-F67F-43FB-9BE0-6088EB252D43}
		{3C46B4DD-9F4D-4926-BD99-8FE823F30A3B} = {1DFA97A5-92C4-4248-A760-7DFDFF2D567F}
		{F1DCAE01-06AD-47BB-BA1C-A70B0FB60BDA} = {8D052E10-5848-4401-90F2-273D063963FE}
	EndGlobalSection
	GlobalSection(ExtensibilityGlobals) = postSolution
		SolutionGuid = {2A7AFF9C-662C-4615-90CD-F78E7588B9FE}
	EndGlobalSection
EndGlobal
